
Microsoft Visual Studio Solution File, Format Version 12.00
Project("{FAE04EC0-301F-11D3-BF4B-00C04F79EFBC}") = "TestScrapping", "TestScrapping\TestScrapping.csproj", "{FF69AADE-61C8-49B2-B0A5-79FE95AB6846}"
EndProject
Global
	GlobalSection(SolutionConfigurationPlatforms) = preSolution
		Debug|Any CPU = Debug|Any CPU
		Release|Any CPU = Release|Any CPU
	EndGlobalSection
	GlobalSection(ProjectConfigurationPlatforms) = postSolution
		{FF69AADE-61C8-49B2-B0A5-79FE95AB6846}.Debug|Any CPU.ActiveCfg = Debug|Any CPU
		{FF69AADE-61C8-49B2-B0A5-79FE95AB6846}.Debug|Any CPU.Build.0 = Debug|Any CPU
		{FF69AADE-61C8-49B2-B0A5-79FE95AB6846}.Release|Any CPU.ActiveCfg = Release|Any CPU
		{FF69AADE-61C8-49B2-B0A5-79FE95AB6846}.Release|Any CPU.Build.0 = Release|Any CPU
	EndGlobalSection
EndGlobal
